// !$*UTF8*$!
{
	archiveVersion = 1;
	classes = {
	};
	objectVersion = 56;
	objects = {

/* Begin PBXBuildFile section */
		45E4D3462BEB5823004A3872 /* ExampleMVVMApp.swift in Sources */ = {isa = PBXBuildFile; fileRef = 45E4D3452BEB5823004A3872 /* ExampleMVVMApp.swift */; };
		45E4D3482BEB5823004A3872 /* ContentView.swift in Sources */ = {isa = PBXBuildFile; fileRef = 45E4D3472BEB5823004A3872 /* ContentView.swift */; };
		45E4D34A2BEB5824004A3872 /* Assets.xcassets in Resources */ = {isa = PBXBuildFile; fileRef = 45E4D3492BEB5824004A3872 /* Assets.xcassets */; };
		45E4D34D2BEB5824004A3872 /* Preview Assets.xcassets in Resources */ = {isa = PBXBuildFile; fileRef = 45E4D34C2BEB5824004A3872 /* Preview Assets.xcassets */; };
		45E4D3572BEB5825004A3872 /* ExampleMVVMTests.swift in Sources */ = {isa = PBXBuildFile; fileRef = 45E4D3562BEB5825004A3872 /* ExampleMVVMTests.swift */; };
		45E4D3612BEB5825004A3872 /* ExampleMVVMUITests.swift in Sources */ = {isa = PBXBuildFile; fileRef = 45E4D3602BEB5825004A3872 /* ExampleMVVMUITests.swift */; };
		45E4D3632BEB5825004A3872 /* ExampleMVVMUITestsLaunchTests.swift in Sources */ = {isa = PBXBuildFile; fileRef = 45E4D3622BEB5825004A3872 /* ExampleMVVMUITestsLaunchTests.swift */; };
/* End PBXBuildFile section */

/* Begin PBXContainerItemProxy section */
		45E4D3532BEB5824004A3872 /* PBXContainerItemProxy */ = {
			isa = PBXContainerItemProxy;
			containerPortal = 45E4D33A2BEB5823004A3872 /* Project object */;
			proxyType = 1;
			remoteGlobalIDString = 45E4D3412BEB5823004A3872;
			remoteInfo = ExampleMVVM;
		};
		45E4D35D2BEB5825004A3872 /* PBXContainerItemProxy */ = {
			isa = PBXContainerItemProxy;
			containerPortal = 45E4D33A2BEB5823004A3872 /* Project object */;
			proxyType = 1;
			remoteGlobalIDString = 45E4D3412BEB5823004A3872;
			remoteInfo = ExampleMVVM;
		};
/* End PBXContainerItemProxy section */

/* Begin PBXFileReference section */
		45E4D3422BEB5823004A3872 /* ExampleMVVM.app */ = {isa = PBXFileReference; explicitFileType = wrapper.application; includeInIndex = 0; path = ExampleMVVM.app; sourceTree = BUILT_PRODUCTS_DIR; };
		45E4D3452BEB5823004A3872 /* ExampleMVVMApp.swift */ = {isa = PBXFileReference; lastKnownFileType = sourcecode.swift; path = ExampleMVVMApp.swift; sourceTree = "<group>"; };
		45E4D3472BEB5823004A3872 /* ContentView.swift */ = {isa = PBXFileReference; lastKnownFileType = sourcecode.swift; path = ContentView.swift; sourceTree = "<group>"; };
		45E4D3492BEB5824004A3872 /* Assets.xcassets */ = {isa = PBXFileReference; lastKnownFileType = folder.assetcatalog; path = Assets.xcassets; sourceTree = "<group>"; };
		45E4D34C2BEB5824004A3872 /* Preview Assets.xcassets */ = {isa = PBXFileReference; lastKnownFileType = folder.assetcatalog; path = "Preview Assets.xcassets"; sourceTree = "<group>"; };
		45E4D3522BEB5824004A3872 /* ExampleMVVMTests.xctest */ = {isa = PBXFileReference; explicitFileType = wrapper.cfbundle; includeInIndex = 0; path = ExampleMVVMTests.xctest; sourceTree = BUILT_PRODUCTS_DIR; };
		45E4D3562BEB5825004A3872 /* ExampleMVVMTests.swift */ = {isa = PBXFileReference; lastKnownFileType = sourcecode.swift; path = ExampleMVVMTests.swift; sourceTree = "<group>"; };
		45E4D35C2BEB5825004A3872 /* ExampleMVVMUITests.xctest */ = {isa = PBXFileReference; explicitFileType = wrapper.cfbundle; includeInIndex = 0; path = ExampleMVVMUITests.xctest; sourceTree = BUILT_PRODUCTS_DIR; };
		45E4D3602BEB5825004A3872 /* ExampleMVVMUITests.swift */ = {isa = PBXFileReference; lastKnownFileType = sourcecode.swift; path = ExampleMVVMUITests.swift; sourceTree = "<group>"; };
		45E4D3622BEB5825004A3872 /* ExampleMVVMUITestsLaunchTests.swift */ = {isa = PBXFileReference; lastKnownFileType = sourcecode.swift; path = ExampleMVVMUITestsLaunchTests.swift; sourceTree = "<group>"; };
/* End PBXFileReference section */

/* Begin PBXFrameworksBuildPhase section */
		45E4D33F2BEB5823004A3872 /* Frameworks */ = {
			isa = PBXFrameworksBuildPhase;
			buildActionMask = 2147483647;
			files = (
			);
			runOnlyForDeploymentPostprocessing = 0;
		};
		45E4D34F2BEB5824004A3872 /* Frameworks */ = {
			isa = PBXFrameworksBuildPhase;
			buildActionMask = 2147483647;
			files = (
			);
			runOnlyForDeploymentPostprocessing = 0;
		};
		45E4D3592BEB5825004A3872 /* Frameworks */ = {
			isa = PBXFrameworksBuildPhase;
			buildActionMask = 2147483647;
			files = (
			);
			runOnlyForDeploymentPostprocessing = 0;
		};
/* End PBXFrameworksBuildPhase section */

/* Begin PBXGroup section */
		45E4D3392BEB5823004A3872 = {
			isa = PBXGroup;
			children = (
				45E4D3442BEB5823004A3872 /* ExampleMVVM */,
				45E4D3552BEB5824004A3872 /* ExampleMVVMTests */,
				45E4D35F2BEB5825004A3872 /* ExampleMVVMUITests */,
				45E4D3432BEB5823004A3872 /* Products */,
			);
			sourceTree = "<group>";
		};
		45E4D3432BEB5823004A3872 /* Products */ = {
			isa = PBXGroup;
			children = (
				45E4D3422BEB5823004A3872 /* ExampleMVVM.app */,
				45E4D3522BEB5824004A3872 /* ExampleMVVMTests.xctest */,
				45E4D35C2BEB5825004A3872 /* ExampleMVVMUITests.xctest */,
			);
			name = Products;
			sourceTree = "<group>";
		};
		45E4D3442BEB5823004A3872 /* ExampleMVVM */ = {
			isa = PBXGroup;
			children = (
				45E4D3452BEB5823004A3872 /* ExampleMVVMApp.swift */,
				45E4D3472BEB5823004A3872 /* ContentView.swift */,
				45E4D3492BEB5824004A3872 /* Assets.xcassets */,
				45E4D34B2BEB5824004A3872 /* Preview Content */,
			);
			path = ExampleMVVM;
			sourceTree = "<group>";
		};
		45E4D34B2BEB5824004A3872 /* Preview Content */ = {
			isa = PBXGroup;
			children = (
				45E4D34C2BEB5824004A3872 /* Preview Assets.xcassets */,
			);
			path = "Preview Content";
			sourceTree = "<group>";
		};
		45E4D3552BEB5824004A3872 /* ExampleMVVMTests */ = {
			isa = PBXGroup;
			children = (
				45E4D3562BEB5825004A3872 /* ExampleMVVMTests.swift */,
			);
			path = ExampleMVVMTests;
			sourceTree = "<group>";
		};
		45E4D35F2BEB5825004A3872 /* ExampleMVVMUITests */ = {
			isa = PBXGroup;
			children = (
				45E4D3602BEB5825004A3872 /* ExampleMVVMUITests.swift */,
				45E4D3622BEB5825004A3872 /* ExampleMVVMUITestsLaunchTests.swift */,
			);
			path = ExampleMVVMUITests;
			sourceTree = "<group>";
		};
/* End PBXGroup section */

/* Begin PBXNativeTarget section */
		45E4D3412BEB5823004A3872 /* ExampleMVVM */ = {
			isa = PBXNativeTarget;
			buildConfigurationList = 45E4D3662BEB5825004A3872 /* Build configuration list for PBXNativeTarget "ExampleMVVM" */;
			buildPhases = (
				45E4D33E2BEB5823004A3872 /* Sources */,
				45E4D33F2BEB5823004A3872 /* Frameworks */,
				45E4D3402BEB5823004A3872 /* Resources */,
			);
			buildRules = (
			);
			dependencies = (
			);
			name = ExampleMVVM;
			productName = ExampleMVVM;
			productReference = 45E4D3422BEB5823004A3872 /* ExampleMVVM.app */;
			productType = "com.apple.product-type.application";
		};
		45E4D3512BEB5824004A3872 /* ExampleMVVMTests */ = {
			isa = PBXNativeTarget;
			buildConfigurationList = 45E4D3692BEB5825004A3872 /* Build configuration list for PBXNativeTarget "ExampleMVVMTests" */;
			buildPhases = (
				45E4D34E2BEB5824004A3872 /* Sources */,
				45E4D34F2BEB5824004A3872 /* Frameworks */,
				45E4D3502BEB5824004A3872 /* Resources */,
			);
			buildRules = (
			);
			dependencies = (
				45E4D3542BEB5824004A3872 /* PBXTargetDependency */,
			);
			name = ExampleMVVMTests;
			productName = ExampleMVVMTests;
			productReference = 45E4D3522BEB5824004A3872 /* ExampleMVVMTests.xctest */;
			productType = "com.apple.product-type.bundle.unit-test";
		};
		45E4D35B2BEB5825004A3872 /* ExampleMVVMUITests */ = {
			isa = PBXNativeTarget;
			buildConfigurationList = 45E4D36C2BEB5825004A3872 /* Build configuration list for PBXNativeTarget "ExampleMVVMUITests" */;
			buildPhases = (
				45E4D3582BEB5825004A3872 /* Sources */,
				45E4D3592BEB5825004A3872 /* Frameworks */,
				45E4D35A2BEB5825004A3872 /* Resources */,
			);
			buildRules = (
			);
			dependencies = (
				45E4D35E2BEB5825004A3872 /* PBXTargetDependency */,
			);
			name = ExampleMVVMUITests;
			productName = ExampleMVVMUITests;
			productReference = 45E4D35C2BEB5825004A3872 /* ExampleMVVMUITests.xctest */;
			productType = "com.apple.product-type.bundle.ui-testing";
		};
/* End PBXNativeTarget section */

/* Begin PBXProject section */
		45E4D33A2BEB5823004A3872 /* Project object */ = {
			isa = PBXProject;
			attributes = {
				BuildIndependentTargetsInParallel = 1;
				LastSwiftUpdateCheck = 1530;
				LastUpgradeCheck = 1530;
				TargetAttributes = {
					45E4D3412BEB5823004A3872 = {
						CreatedOnToolsVersion = 15.3;
					};
					45E4D3512BEB5824004A3872 = {
						CreatedOnToolsVersion = 15.3;
						TestTargetID = 45E4D3412BEB5823004A3872;
					};
					45E4D35B2BEB5825004A3872 = {
						CreatedOnToolsVersion = 15.3;
						TestTargetID = 45E4D3412BEB5823004A3872;
					};
				};
			};
			buildConfigurationList = 45E4D33D2BEB5823004A3872 /* Build configuration list for PBXProject "ExampleMVVM" */;
			compatibilityVersion = "Xcode 14.0";
			developmentRegion = en;
			hasScannedForEncodings = 0;
			knownRegions = (
				en,
				Base,
			);
			mainGroup = 45E4D3392BEB5823004A3872;
			productRefGroup = 45E4D3432BEB5823004A3872 /* Products */;
			projectDirPath = "";
			projectRoot = "";
			targets = (
				45E4D3412BEB5823004A3872 /* ExampleMVVM */,
				45E4D3512BEB5824004A3872 /* ExampleMVVMTests */,
				45E4D35B2BEB5825004A3872 /* ExampleMVVMUITests */,
			);
		};
/* End PBXProject section */

/* Begin PBXResourcesBuildPhase section */
		45E4D3402BEB5823004A3872 /* Resources */ = {
			isa = PBXResourcesBuildPhase;
			buildActionMask = 2147483647;
			files = (
				45E4D34D2BEB5824004A3872 /* Preview Assets.xcassets in Resources */,
				45E4D34A2BEB5824004A3872 /* Assets.xcassets in Resources */,
			);
			runOnlyForDeploymentPostprocessing = 0;
		};
		45E4D3502BEB5824004A3872 /* Resources */ = {
			isa = PBXResourcesBuildPhase;
			buildActionMask = 2147483647;
			files = (
			);
			runOnlyForDeploymentPostprocessing = 0;
		};
		45E4D35A2BEB5825004A3872 /* Resources */ = {
			isa = PBXResourcesBuildPhase;
			buildActionMask = 2147483647;
			files = (
			);
			runOnlyForDeploymentPostprocessing = 0;
		};
/* End PBXResourcesBuildPhase section */

/* Begin PBXSourcesBuildPhase section */
		45E4D33E2BEB5823004A3872 /* Sources */ = {
			isa = PBXSourcesBuildPhase;
			buildActionMask = 2147483647;
			files = (
				45E4D3482BEB5823004A3872 /* ContentView.swift in Sources */,
				45E4D3462BEB5823004A3872 /* ExampleMVVMApp.swift in Sources */,
			);
			runOnlyForDeploymentPostprocessing = 0;
		};
		45E4D34E2BEB5824004A3872 /* Sources */ = {
			isa = PBXSourcesBuildPhase;
			buildActionMask = 2147483647;
			files = (
				45E4D3572BEB5825004A3872 /* ExampleMVVMTests.swift in Sources */,
			);
			runOnlyForDeploymentPostprocessing = 0;
		};
		45E4D3582BEB5825004A3872 /* Sources */ = {
			isa = PBXSourcesBuildPhase;
			buildActionMask = 2147483647;
			files = (
				45E4D3612BEB5825004A3872 /* ExampleMVVMUITests.swift in Sources */,
				45E4D3632BEB5825004A3872 /* ExampleMVVMUITestsLaunchTests.swift in Sources */,
			);
			runOnlyForDeploymentPostprocessing = 0;
		};
/* End PBXSourcesBuildPhase section */

/* Begin PBXTargetDependency section */
		45E4D3542BEB5824004A3872 /* PBXTargetDependency */ = {
			isa = PBXTargetDependency;
			target = 45E4D3412BEB5823004A3872 /* ExampleMVVM */;
			targetProxy = 45E4D3532BEB5824004A3872 /* PBXContainerItemProxy */;
		};
		45E4D35E2BEB5825004A3872 /* PBXTargetDependency */ = {
			isa = PBXTargetDependency;
			target = 45E4D3412BEB5823004A3872 /* ExampleMVVM */;
			targetProxy = 45E4D35D2BEB5825004A3872 /* PBXContainerItemProxy */;
		};
/* End PBXTargetDependency section */

/* Begin XCBuildConfiguration section */
		45E4D3642BEB5825004A3872 /* Debug */ = {
			isa = XCBuildConfiguration;
			buildSettings = {
				ALWAYS_SEARCH_USER_PATHS = NO;
				ASSETCATALOG_COMPILER_GENERATE_SWIFT_ASSET_SYMBOL_EXTENSIONS = YES;
				CLANG_ANALYZER_NONNULL = YES;
				CLANG_ANALYZER_NUMBER_OBJECT_CONVERSION = YES_AGGRESSIVE;
				CLANG_CXX_LANGUAGE_STANDARD = "gnu++20";
				CLANG_ENABLE_MODULES = YES;
				CLANG_ENABLE_OBJC_ARC = YES;
				CLANG_ENABLE_OBJC_WEAK = YES;
				CLANG_WARN_BLOCK_CAPTURE_AUTORELEASING = YES;
				CLANG_WARN_BOOL_CONVERSION = YES;
				CLANG_WARN_COMMA = YES;
				CLANG_WARN_CONSTANT_CONVERSION = YES;
				CLANG_WARN_DEPRECATED_OBJC_IMPLEMENTATIONS = YES;
				CLANG_WARN_DIRECT_OBJC_ISA_USAGE = YES_ERROR;
				CLANG_WARN_DOCUMENTATION_COMMENTS = YES;
				CLANG_WARN_EMPTY_BODY = YES;
				CLANG_WARN_ENUM_CONVERSION = YES;
				CLANG_WARN_INFINITE_RECURSION = YES;
				CLANG_WARN_INT_CONVERSION = YES;
				CLANG_WARN_NON_LITERAL_NULL_CONVERSION = YES;
				CLANG_WARN_OBJC_IMPLICIT_RETAIN_SELF = YES;
				CLANG_WARN_OBJC_LITERAL_CONVERSION = YES;
				CLANG_WARN_OBJC_ROOT_CLASS = YES_ERROR;
				CLANG_WARN_QUOTED_INCLUDE_IN_FRAMEWORK_HEADER = YES;
				CLANG_WARN_RANGE_LOOP_ANALYSIS = YES;
				CLANG_WARN_STRICT_PROTOTYPES = YES;
				CLANG_WARN_SUSPICIOUS_MOVE = YES;
				CLANG_WARN_UNGUARDED_AVAILABILITY = YES_AGGRESSIVE;
				CLANG_WARN_UNREACHABLE_CODE = YES;
				CLANG_WARN__DUPLICATE_METHOD_MATCH = YES;
				COPY_PHASE_STRIP = NO;
				DEBUG_INFORMATION_FORMAT = dwarf;
				ENABLE_STRICT_OBJC_MSGSEND = YES;
				ENABLE_TESTABILITY = YES;
				ENABLE_USER_SCRIPT_SANDBOXING = YES;
				GCC_C_LANGUAGE_STANDARD = gnu17;
				GCC_DYNAMIC_NO_PIC = NO;
				GCC_NO_COMMON_BLOCKS = YES;
				GCC_OPTIMIZATION_LEVEL = 0;
				GCC_PREPROCESSOR_DEFINITIONS = (
					"DEBUG=1",
					"$(inherited)",
				);
				GCC_WARN_64_TO_32_BIT_CONVERSION = YES;
				GCC_WARN_ABOUT_RETURN_TYPE = YES_ERROR;
				GCC_WARN_UNDECLARED_SELECTOR = YES;
				GCC_WARN_UNINITIALIZED_AUTOS = YES_AGGRESSIVE;
				GCC_WARN_UNUSED_FUNCTION = YES;
				GCC_WARN_UNUSED_VARIABLE = YES;
				IPHONEOS_DEPLOYMENT_TARGET = 17.4;
				LOCALIZATION_PREFERS_STRING_CATALOGS = YES;
				MTL_ENABLE_DEBUG_INFO = INCLUDE_SOURCE;
				MTL_FAST_MATH = YES;
				ONLY_ACTIVE_ARCH = YES;
				SDKROOT = iphoneos;
				SWIFT_ACTIVE_COMPILATION_CONDITIONS = "DEBUG $(inherited)";
				SWIFT_OPTIMIZATION_LEVEL = "-Onone";
			};
			name = Debug;
		};
		45E4D3652BEB5825004A3872 /* Release */ = {
			isa = XCBuildConfiguration;
			buildSettings = {
				ALWAYS_SEARCH_USER_PATHS = NO;
				ASSETCATALOG_COMPILER_GENERATE_SWIFT_ASSET_SYMBOL_EXTENSIONS = YES;
				CLANG_ANALYZER_NONNULL = YES;
				CLANG_ANALYZER_NUMBER_OBJECT_CONVERSION = YES_AGGRESSIVE;
				CLANG_CXX_LANGUAGE_STANDARD = "gnu++20";
				CLANG_ENABLE_MODULES = YES;
				CLANG_ENABLE_OBJC_ARC = YES;
				CLANG_ENABLE_OBJC_WEAK = YES;
				CLANG_WARN_BLOCK_CAPTURE_AUTORELEASING = YES;
				CLANG_WARN_BOOL_CONVERSION = YES;
				CLANG_WARN_COMMA = YES;
				CLANG_WARN_CONSTANT_CONVERSION = YES;
				CLANG_WARN_DEPRECATED_OBJC_IMPLEMENTATIONS = YES;
				CLANG_WARN_DIRECT_OBJC_ISA_USAGE = YES_ERROR;
				CLANG_WARN_DOCUMENTATION_COMMENTS = YES;
				CLANG_WARN_EMPTY_BODY = YES;
				CLANG_WARN_ENUM_CONVERSION = YES;
				CLANG_WARN_INFINITE_RECURSION = YES;
				CLANG_WARN_INT_CONVERSION = YES;
				CLANG_WARN_NON_LITERAL_NULL_CONVERSION = YES;
				CLANG_WARN_OBJC_IMPLICIT_RETAIN_SELF = YES;
				CLANG_WARN_OBJC_LITERAL_CONVERSION = YES;
				CLANG_WARN_OBJC_ROOT_CLASS = YES_ERROR;
				CLANG_WARN_QUOTED_INCLUDE_IN_FRAMEWORK_HEADER = YES;
				CLANG_WARN_RANGE_LOOP_ANALYSIS = YES;
				CLANG_WARN_STRICT_PROTOTYPES = YES;
				CLANG_WARN_SUSPICIOUS_MOVE = YES;
				CLANG_WARN_UNGUARDED_AVAILABILITY = YES_AGGRESSIVE;
				CLANG_WARN_UNREACHABLE_CODE = YES;
				CLANG_WARN__DUPLICATE_METHOD_MATCH = YES;
				COPY_PHASE_STRIP = NO;
				DEBUG_INFORMATION_FORMAT = "dwarf-with-dsym";
				ENABLE_NS_ASSERTIONS = NO;
				ENABLE_STRICT_OBJC_MSGSEND = YES;
				ENABLE_USER_SCRIPT_SANDBOXING = YES;
				GCC_C_LANGUAGE_STANDARD = gnu17;
				GCC_NO_COMMON_BLOCKS = YES;
				GCC_WARN_64_TO_32_BIT_CONVERSION = YES;
				GCC_WARN_ABOUT_RETURN_TYPE = YES_ERROR;
				GCC_WARN_UNDECLARED_SELECTOR = YES;
				GCC_WARN_UNINITIALIZED_AUTOS = YES_AGGRESSIVE;
				GCC_WARN_UNUSED_FUNCTION = YES;
				GCC_WARN_UNUSED_VARIABLE = YES;
				IPHONEOS_DEPLOYMENT_TARGET = 17.4;
				LOCALIZATION_PREFERS_STRING_CATALOGS = YES;
				MTL_ENABLE_DEBUG_INFO = NO;
				MTL_FAST_MATH = YES;
				SDKROOT = iphoneos;
				SWIFT_COMPILATION_MODE = wholemodule;
				VALIDATE_PRODUCT = YES;
			};
			name = Release;
		};
		45E4D3672BEB5825004A3872 /* Debug */ = {
			isa = XCBuildConfiguration;
			buildSettings = {
				ASSETCATALOG_COMPILER_APPICON_NAME = AppIcon;
				ASSETCATALOG_COMPILER_GLOBAL_ACCENT_COLOR_NAME = AccentColor;
				CODE_SIGN_STYLE = Automatic;
				CURRENT_PROJECT_VERSION = 1;
				DEVELOPMENT_ASSET_PATHS = "\"ExampleMVVM/Preview Content\"";
				DEVELOPMENT_TEAM = 8PRWAG4355;
				ENABLE_PREVIEWS = YES;
				GENERATE_INFOPLIST_FILE = YES;
				INFOPLIST_KEY_UIApplicationSceneManifest_Generation = YES;
				INFOPLIST_KEY_UIApplicationSupportsIndirectInputEvents = YES;
				INFOPLIST_KEY_UILaunchScreen_Generation = YES;
				INFOPLIST_KEY_UISupportedInterfaceOrientations_iPad = "UIInterfaceOrientationPortrait UIInterfaceOrientationPortraitUpsideDown UIInterfaceOrientationLandscapeLeft UIInterfaceOrientationLandscapeRight";
				INFOPLIST_KEY_UISupportedInterfaceOrientations_iPhone = "UIInterfaceOrientationPortrait UIInterfaceOrientationLandscapeLeft UIInterfaceOrientationLandscapeRight";
				LD_RUNPATH_SEARCH_PATHS = (
					"$(inherited)",
					"@executable_path/Frameworks",
				);
				MARKETING_VERSION = 1.0;
				PRODUCT_BUNDLE_IDENTIFIER = io.hotcs6.ExampleMVVM;
				PRODUCT_NAME = "$(TARGET_NAME)";
				SWIFT_EMIT_LOC_STRINGS = YES;
				SWIFT_VERSION = 5.0;
				TARGETED_DEVICE_FAMILY = "1,2";
			};
			name = Debug;
		};
		45E4D3682BEB5825004A3872 /* Release */ = {
			isa = XCBuildConfiguration;
			buildSettings = {
				ASSETCATALOG_COMPILER_APPICON_NAME = AppIcon;
				ASSETCATALOG_COMPILER_GLOBAL_ACCENT_COLOR_NAME = AccentColor;
				CODE_SIGN_STYLE = Automatic;
				CURRENT_PROJECT_VERSION = 1;
				DEVELOPMENT_ASSET_PATHS = "\"ExampleMVVM/Preview Content\"";
				DEVELOPMENT_TEAM = 8PRWAG4355;
				ENABLE_PREVIEWS = YES;
				GENERATE_INFOPLIST_FILE = YES;
				INFOPLIST_KEY_UIApplicationSceneManifest_Generation = YES;
				INFOPLIST_KEY_UIApplicationSupportsIndirectInputEvents = YES;
				INFOPLIST_KEY_UILaunchScreen_Generation = YES;
				INFOPLIST_KEY_UISupportedInterfaceOrientations_iPad = "UIInterfaceOrientationPortrait UIInterfaceOrientationPortraitUpsideDown UIInterfaceOrientationLandscapeLeft UIInterfaceOrientationLandscapeRight";
				INFOPLIST_KEY_UISupportedInterfaceOrientations_iPhone = "UIInterfaceOrientationPortrait UIInterfaceOrientationLandscapeLeft UIInterfaceOrientationLandscapeRight";
				LD_RUNPATH_SEARCH_PATHS = (
					"$(inherited)",
					"@executable_path/Frameworks",
				);
				MARKETING_VERSION = 1.0;
				PRODUCT_BUNDLE_IDENTIFIER = io.hotcs6.ExampleMVVM;
				PRODUCT_NAME = "$(TARGET_NAME)";
				SWIFT_EMIT_LOC_STRINGS = YES;
				SWIFT_VERSION = 5.0;
				TARGETED_DEVICE_FAMILY = "1,2";
			};
			name = Release;
		};
		45E4D36A2BEB5825004A3872 /* Debug */ = {
			isa = XCBuildConfiguration;
			buildSettings = {
				ALWAYS_EMBED_SWIFT_STANDARD_LIBRARIES = YES;
				BUNDLE_LOADER = "$(TEST_HOST)";
				CODE_SIGN_STYLE = Automatic;
				CURRENT_PROJECT_VERSION = 1;
				DEVELOPMENT_TEAM = 8PRWAG4355;
				GENERATE_INFOPLIST_FILE = YES;
				IPHONEOS_DEPLOYMENT_TARGET = 17.4;
				MARKETING_VERSION = 1.0;
				PRODUCT_BUNDLE_IDENTIFIER = io.hotcs6.ExampleMVVMTests;
				PRODUCT_NAME = "$(TARGET_NAME)";
				SWIFT_EMIT_LOC_STRINGS = NO;
				SWIFT_VERSION = 5.0;
				TARGETED_DEVICE_FAMILY = "1,2";
				TEST_HOST = "$(BUILT_PRODUCTS_DIR)/ExampleMVVM.app/$(BUNDLE_EXECUTABLE_FOLDER_PATH)/ExampleMVVM";
			};
			name = Debug;
		};
		45E4D36B2BEB5825004A3872 /* Release */ = {
			isa = XCBuildConfiguration;
			buildSettings = {
				ALWAYS_EMBED_SWIFT_STANDARD_LIBRARIES = YES;
				BUNDLE_LOADER = "$(TEST_HOST)";
				CODE_SIGN_STYLE = Automatic;
				CURRENT_PROJECT_VERSION = 1;
				DEVELOPMENT_TEAM = 8PRWAG4355;
				GENERATE_INFOPLIST_FILE = YES;
				IPHONEOS_DEPLOYMENT_TARGET = 17.4;
				MARKETING_VERSION = 1.0;
				PRODUCT_BUNDLE_IDENTIFIER = io.hotcs6.ExampleMVVMTests;
				PRODUCT_NAME = "$(TARGET_NAME)";
				SWIFT_EMIT_LOC_STRINGS = NO;
				SWIFT_VERSION = 5.0;
				TARGETED_DEVICE_FAMILY = "1,2";
				TEST_HOST = "$(BUILT_PRODUCTS_DIR)/ExampleMVVM.app/$(BUNDLE_EXECUTABLE_FOLDER_PATH)/ExampleMVVM";
			};
			name = Release;
		};
		45E4D36D2BEB5825004A3872 /* Debug */ = {
			isa = XCBuildConfiguration;
			buildSettings = {
				ALWAYS_EMBED_SWIFT_STANDARD_LIBRARIES = YES;
				CODE_SIGN_STYLE = Automatic;
				CURRENT_PROJECT_VERSION = 1;
				DEVELOPMENT_TEAM = 8PRWAG4355;
				GENERATE_INFOPLIST_FILE = YES;
				MARKETING_VERSION = 1.0;
				PRODUCT_BUNDLE_IDENTIFIER = io.hotcs6.ExampleMVVMUITests;
				PRODUCT_NAME = "$(TARGET_NAME)";
				SWIFT_EMIT_LOC_STRINGS = NO;
				SWIFT_VERSION = 5.0;
				TARGETED_DEVICE_FAMILY = "1,2";
				TEST_TARGET_NAME = ExampleMVVM;
			};
			name = Debug;
		};
		45E4D36E2BEB5825004A3872 /* Release */ = {
			isa = XCBuildConfiguration;
			buildSettings = {
				ALWAYS_EMBED_SWIFT_STANDARD_LIBRARIES = YES;
				CODE_SIGN_STYLE = Automatic;
				CURRENT_PROJECT_VERSION = 1;
				DEVELOPMENT_TEAM = 8PRWAG4355;
				GENERATE_INFOPLIST_FILE = YES;
				MARKETING_VERSION = 1.0;
				PRODUCT_BUNDLE_IDENTIFIER = io.hotcs6.ExampleMVVMUITests;
				PRODUCT_NAME = "$(TARGET_NAME)";
				SWIFT_EMIT_LOC_STRINGS = NO;
				SWIFT_VERSION = 5.0;
				TARGETED_DEVICE_FAMILY = "1,2";
				TEST_TARGET_NAME = ExampleMVVM;
			};
			name = Release;
		};
/* End XCBuildConfiguration section */

/* Begin XCConfigurationList section */
		45E4D33D2BEB5823004A3872 /* Build configuration list for PBXProject "ExampleMVVM" */ = {
			isa = XCConfigurationList;
			buildConfigurations = (
				45E4D3642BEB5825004A3872 /* Debug */,
				45E4D3652BEB5825004A3872 /* Release */,
			);
			defaultConfigurationIsVisible = 0;
			defaultConfigurationName = Release;
		};
		45E4D3662BEB5825004A3872 /* Build configuration list for PBXNativeTarget "ExampleMVVM" */ = {
			isa = XCConfigurationList;
			buildConfigurations = (
				45E4D3672BEB5825004A3872 /* Debug */,
				45E4D3682BEB5825004A3872 /* Release */,
			);
			defaultConfigurationIsVisible = 0;
			defaultConfigurationName = Release;
		};
		45E4D3692BEB5825004A3872 /* Build configuration list for PBXNativeTarget "ExampleMVVMTests" */ = {
			isa = XCConfigurationList;
			buildConfigurations = (
				45E4D36A2BEB5825004A3872 /* Debug */,
				45E4D36B2BEB5825004A3872 /* Release */,
			);
			defaultConfigurationIsVisible = 0;
			defaultConfigurationName = Release;
		};
		45E4D36C2BEB5825004A3872 /* Build configuration list for PBXNativeTarget "ExampleMVVMUITests" */ = {
			isa = XCConfigurationList;
			buildConfigurations = (
				45E4D36D2BEB5825004A3872 /* Debug */,
				45E4D36E2BEB5825004A3872 /* Release */,
			);
			defaultConfigurationIsVisible = 0;
			defaultConfigurationName = Release;
		};
/* End XCConfigurationList section */
	};
	rootObject = 45E4D33A2BEB5823004A3872 /* Project object */;
}
